
Microsoft Visual Studio Solution File, Format Version 12.00
# Visual Studio Version 16
VisualStudioVersion = 16.0.29020.237
MinimumVisualStudioVersion = 10.0.40219.1
Project("{FAE04EC0-301F-11D3-BF4B-00C04F79EFBC}") = "COMP123-S2019-Lesson9C", "COMP123-S2019-Lesson9C\COMP123-S2019-Lesson9C.csproj", "{AFCEF563-D1A8-4D48-BFDC-FE275D289FD3}"
EndProject
Global
	GlobalSection(SolutionConfigurationPlatforms) = preSolution
		Debug|Any CPU = Debug|Any CPU
		Release|Any CPU = Release|Any CPU
	EndGlobalSection
	GlobalSection(ProjectConfigurationPlatforms) = postSolution
		{AFCEF563-D1A8-4D48-BFDC-FE275D289FD3}.Debug|Any CPU.ActiveCfg = Debug|Any CPU
		{AFCEF563-D1A8-4D48-BFDC-FE275D289FD3}.Debug|Any CPU.Build.0 = Debug|Any CPU
		{AFCEF563-D1A8-4D48-BFDC-FE275D289FD3}.Release|Any CPU.ActiveCfg = Release|Any CPU
		{AFCEF563-D1A8-4D48-BFDC-FE275D289FD3}.Release|Any CPU.Build.0 = Release|Any CPU
	EndGlobalSection
	GlobalSection(SolutionProperties) = preSolution
		HideSolutionNode = FALSE
	EndGlobalSection
	GlobalSection(ExtensibilityGlobals) = postSolution
		SolutionGuid = {2353C1DE-43CF-4656-8980-F273173AF166}
	EndGlobalSection
EndGlobal
